
Microsoft Visual Studio Solution File, Format Version 12.00
# Visual Studio Version 17
VisualStudioVersion = 17.10.35004.147
MinimumVisualStudioVersion = 10.0.40219.1
Project("{FAE04EC0-301F-11D3-BF4B-00C04F79EFBC}") = "ResxTranslator", "ResxTranslator\ResxTranslator.csproj", "{20AB0D67-850A-4ECA-9315-832E9728E70F}"
EndProject
Global
	GlobalSection(SolutionConfigurationPlatforms) = preSolution
		Debug|Any CPU = Debug|Any CPU
		Release|Any CPU = Release|Any CPU
	EndGlobalSection
	GlobalSection(ProjectConfigurationPlatforms) = postSolution
		{20AB0D67-850A-4ECA-9315-832E9728E70F}.Debug|Any CPU.ActiveCfg = Debug|Any CPU
		{20AB0D67-850A-4ECA-9315-832E9728E70F}.Debug|Any CPU.Build.0 = Debug|Any CPU
		{20AB0D67-850A-4ECA-9315-832E9728E70F}.Release|Any CPU.ActiveCfg = Release|Any CPU
		{20AB0D67-850A-4ECA-9315-832E9728E70F}.Release|Any CPU.Build.0 = Release|Any CPU
	EndGlobalSection
	GlobalSection(SolutionProperties) = preSolution
		HideSolutionNode = FALSE
	EndGlobalSection
	GlobalSection(ExtensibilityGlobals) = postSolution
		SolutionGuid = {DCD516FF-F055-4872-AC30-8DF4CE5A92B6}
	EndGlobalSection
EndGlobal
